
Microsoft Visual Studio Solution File, Format Version 12.00
# Visual Studio Version 17
VisualStudioVersion = 17.2.32519.379
MinimumVisualStudioVersion = 10.0.40219.1
Project("{FAE04EC0-301F-11D3-BF4B-00C04F79EFBC}") = "FacebookLikeSystem", "FacebookLikeSystem\FacebookLikeSystem.csproj", "{C367EF4C-66AF-41A8-B7AA-049369C02B71}"
EndProject
Project("{FAE04EC0-301F-11D3-BF4B-00C04F79EFBC}") = "FacebookLikeSystem.Tests", "FacebookLikeSystem.Tests\FacebookLikeSystem.Tests.csproj", "{6CA0DAF8-AD4C-4A8D-ABB1-2C259A89F3C4}"
EndProject
Global
	GlobalSection(SolutionConfigurationPlatforms) = preSolution
		Debug|Any CPU = Debug|Any CPU
		Release|Any CPU = Release|Any CPU
	EndGlobalSection
	GlobalSection(ProjectConfigurationPlatforms) = postSolution
		{C367EF4C-66AF-41A8-B7AA-049369C02B71}.Debug|Any CPU.ActiveCfg = Debug|Any CPU
		{C367EF4C-66AF-41A8-B7AA-049369C02B71}.Debug|Any CPU.Build.0 = Debug|Any CPU
		{C367EF4C-66AF-41A8-B7AA-049369C02B71}.Release|Any CPU.ActiveCfg = Release|Any CPU
		{C367EF4C-66AF-41A8-B7AA-049369C02B71}.Release|Any CPU.Build.0 = Release|Any CPU
		{6CA0DAF8-AD4C-4A8D-ABB1-2C259A89F3C4}.Debug|Any CPU.ActiveCfg = Debug|Any CPU
		{6CA0DAF8-AD4C-4A8D-ABB1-2C259A89F3C4}.Debug|Any CPU.Build.0 = Debug|Any CPU
		{6CA0DAF8-AD4C-4A8D-ABB1-2C259A89F3C4}.Release|Any CPU.ActiveCfg = Release|Any CPU
		{6CA0DAF8-AD4C-4A8D-ABB1-2C259A89F3C4}.Release|Any CPU.Build.0 = Release|Any CPU
	EndGlobalSection
	GlobalSection(SolutionProperties) = preSolution
		HideSolutionNode = FALSE
	EndGlobalSection
	GlobalSection(ExtensibilityGlobals) = postSolution
		SolutionGuid = {E3E09640-A09E-4734-B935-6034105219A3}
	EndGlobalSection
EndGlobal
